
Microsoft Visual Studio Solution File, Format Version 12.00
# Visual Studio Version 17
VisualStudioVersion = 17.13.35913.81
MinimumVisualStudioVersion = 10.0.40219.1
Project("{FAE04EC0-301F-11D3-BF4B-00C04F79EFBC}") = "WindowsFormsApp1", "WindowsFormsApp1\WindowsFormsApp1.csproj", "{9A0FDDE4-A9BF-441C-84BF-33A206534F52}"
EndProject
Project("{FAE04EC0-301F-11D3-BF4B-00C04F79EFBC}") = "ShamDevs.EFatoraJo.Sdk", "ShamDevs.EFatoraJo.Sdk\ShamDevs.EFatoraJo.Sdk.csproj", "{7356958C-A6E3-3BC8-7CBE-6524F0E8E89F}"
EndProject
Project("{FAE04EC0-301F-11D3-BF4B-00C04F79EFBC}") = "ShamDevs.EFatoraJo.Tests", "ShamDevs.EFatoraJo.Tests\ShamDevs.EFatoraJo.Tests.csproj", "{E16A5F48-5A0B-9E65-3CF7-082207C7B42B}"
EndProject
Project("{FAE04EC0-301F-11D3-BF4B-00C04F79EFBC}") = "EFatoraJoConsoleApp", "EFatoraJoConsoleApp\EFatoraJoConsoleApp.csproj", "{AC1FB0E9-894A-4960-B183-D28AD5ED5EA7}"
EndProject
Global
	GlobalSection(SolutionConfigurationPlatforms) = preSolution
		Debug|Any CPU = Debug|Any CPU
		Debug|x64 = Debug|x64
		Debug|x86 = Debug|x86
		Release|Any CPU = Release|Any CPU
		Release|x64 = Release|x64
		Release|x86 = Release|x86
	EndGlobalSection
	GlobalSection(ProjectConfigurationPlatforms) = postSolution
		{9A0FDDE4-A9BF-441C-84BF-33A206534F52}.Debug|Any CPU.ActiveCfg = Debug|Any CPU
		{9A0FDDE4-A9BF-441C-84BF-33A206534F52}.Debug|Any CPU.Build.0 = Debug|Any CPU
		{9A0FDDE4-A9BF-441C-84BF-33A206534F52}.Debug|x64.ActiveCfg = Debug|Any CPU
		{9A0FDDE4-A9BF-441C-84BF-33A206534F52}.Debug|x64.Build.0 = Debug|Any CPU
		{9A0FDDE4-A9BF-441C-84BF-33A206534F52}.Debug|x86.ActiveCfg = Debug|Any CPU
		{9A0FDDE4-A9BF-441C-84BF-33A206534F52}.Debug|x86.Build.0 = Debug|Any CPU
		{9A0FDDE4-A9BF-441C-84BF-33A206534F52}.Release|Any CPU.ActiveCfg = Release|Any CPU
		{9A0FDDE4-A9BF-441C-84BF-33A206534F52}.Release|Any CPU.Build.0 = Release|Any CPU
		{9A0FDDE4-A9BF-441C-84BF-33A206534F52}.Release|x64.ActiveCfg = Release|Any CPU
		{9A0FDDE4-A9BF-441C-84BF-33A206534F52}.Release|x64.Build.0 = Release|Any CPU
		{9A0FDDE4-A9BF-441C-84BF-33A206534F52}.Release|x86.ActiveCfg = Release|Any CPU
		{9A0FDDE4-A9BF-441C-84BF-33A206534F52}.Release|x86.Build.0 = Release|Any CPU
		{7356958C-A6E3-3BC8-7CBE-6524F0E8E89F}.Debug|Any CPU.ActiveCfg = Debug|Any CPU
		{7356958C-A6E3-3BC8-7CBE-6524F0E8E89F}.Debug|Any CPU.Build.0 = Debug|Any CPU
		{7356958C-A6E3-3BC8-7CBE-6524F0E8E89F}.Debug|x64.ActiveCfg = Debug|Any CPU
		{7356958C-A6E3-3BC8-7CBE-6524F0E8E89F}.Debug|x64.Build.0 = Debug|Any CPU
		{7356958C-A6E3-3BC8-7CBE-6524F0E8E89F}.Debug|x86.ActiveCfg = Debug|Any CPU
		{7356958C-A6E3-3BC8-7CBE-6524F0E8E89F}.Debug|x86.Build.0 = Debug|Any CPU
		{7356958C-A6E3-3BC8-7CBE-6524F0E8E89F}.Release|Any CPU.ActiveCfg = Release|Any CPU
		{7356958C-A6E3-3BC8-7CBE-6524F0E8E89F}.Release|Any CPU.Build.0 = Release|Any CPU
		{7356958C-A6E3-3BC8-7CBE-6524F0E8E89F}.Release|x64.ActiveCfg = Release|Any CPU
		{7356958C-A6E3-3BC8-7CBE-6524F0E8E89F}.Release|x64.Build.0 = Release|Any CPU
		{7356958C-A6E3-3BC8-7CBE-6524F0E8E89F}.Release|x86.ActiveCfg = Release|Any CPU
		{7356958C-A6E3-3BC8-7CBE-6524F0E8E89F}.Release|x86.Build.0 = Release|Any CPU
		{E16A5F48-5A0B-9E65-3CF7-082207C7B42B}.Debug|Any CPU.ActiveCfg = Debug|Any CPU
		{E16A5F48-5A0B-9E65-3CF7-082207C7B42B}.Debug|Any CPU.Build.0 = Debug|Any CPU
		{E16A5F48-5A0B-9E65-3CF7-082207C7B42B}.Debug|x64.ActiveCfg = Debug|Any CPU
		{E16A5F48-5A0B-9E65-3CF7-082207C7B42B}.Debug|x64.Build.0 = Debug|Any CPU
		{E16A5F48-5A0B-9E65-3CF7-082207C7B42B}.Debug|x86.ActiveCfg = Debug|Any CPU
		{E16A5F48-5A0B-9E65-3CF7-082207C7B42B}.Debug|x86.Build.0 = Debug|Any CPU
		{E16A5F48-5A0B-9E65-3CF7-082207C7B42B}.Release|Any CPU.ActiveCfg = Release|Any CPU
		{E16A5F48-5A0B-9E65-3CF7-082207C7B42B}.Release|Any CPU.Build.0 = Release|Any CPU
		{E16A5F48-5A0B-9E65-3CF7-082207C7B42B}.Release|x64.ActiveCfg = Release|Any CPU
		{E16A5F48-5A0B-9E65-3CF7-082207C7B42B}.Release|x64.Build.0 = Release|Any CPU
		{E16A5F48-5A0B-9E65-3CF7-082207C7B42B}.Release|x86.ActiveCfg = Release|Any CPU
		{E16A5F48-5A0B-9E65-3CF7-082207C7B42B}.Release|x86.Build.0 = Release|Any CPU
		{AC1FB0E9-894A-4960-B183-D28AD5ED5EA7}.Debug|Any CPU.ActiveCfg = Debug|Any CPU
		{AC1FB0E9-894A-4960-B183-D28AD5ED5EA7}.Debug|Any CPU.Build.0 = Debug|Any CPU
		{AC1FB0E9-894A-4960-B183-D28AD5ED5EA7}.Debug|x64.ActiveCfg = Debug|Any CPU
		{AC1FB0E9-894A-4960-B183-D28AD5ED5EA7}.Debug|x64.Build.0 = Debug|Any CPU
		{AC1FB0E9-894A-4960-B183-D28AD5ED5EA7}.Debug|x86.ActiveCfg = Debug|Any CPU
		{AC1FB0E9-894A-4960-B183-D28AD5ED5EA7}.Debug|x86.Build.0 = Debug|Any CPU
		{AC1FB0E9-894A-4960-B183-D28AD5ED5EA7}.Release|Any CPU.ActiveCfg = Release|Any CPU
		{AC1FB0E9-894A-4960-B183-D28AD5ED5EA7}.Release|Any CPU.Build.0 = Release|Any CPU
		{AC1FB0E9-894A-4960-B183-D28AD5ED5EA7}.Release|x64.ActiveCfg = Release|Any CPU
		{AC1FB0E9-894A-4960-B183-D28AD5ED5EA7}.Release|x64.Build.0 = Release|Any CPU
		{AC1FB0E9-894A-4960-B183-D28AD5ED5EA7}.Release|x86.ActiveCfg = Release|Any CPU
		{AC1FB0E9-894A-4960-B183-D28AD5ED5EA7}.Release|x86.Build.0 = Release|Any CPU
	EndGlobalSection
	GlobalSection(SolutionProperties) = preSolution
		HideSolutionNode = FALSE
	EndGlobalSection
	GlobalSection(ExtensibilityGlobals) = postSolution
		SolutionGuid = {911359AC-32AE-486A-9082-93B3D4FDDA97}
	EndGlobalSection
EndGlobal
